# THIS IS AN AUTOGENERATED FILE. DO NOT EDIT THIS FILE DIRECTLY.
# yarn lockfile v1


"@ant-design/colors@^7.0.0", "@ant-design/colors@^7.0.2":
  version "7.0.2"
  resolved "https://registry.yarnpkg.com/@ant-design/colors/-/colors-7.0.2.tgz#c5c753a467ce8d86ba7ca4736d2c01f599bb5492"
  integrity sha512-7KJkhTiPiLHSu+LmMJnehfJ6242OCxSlR3xHVBecYxnMW8MS/878NXct1GqYARyL59fyeFdKRxXTfvR9SnDgJg==
  dependencies:
    "@ctrl/tinycolor" "^3.6.1"

"@ant-design/cssinjs@^1.21.0":
  version "1.21.0"
  resolved "https://registry.yarnpkg.com/@ant-design/cssinjs/-/cssinjs-1.21.0.tgz#de7289bfd71c7a494a28b96569ad88f999619105"
  integrity sha512-gIilraPl+9EoKdYxnupxjHB/Q6IHNRjEXszKbDxZdsgv4sAZ9pjkCq8yanDWNvyfjp4leir2OVAJm0vxwKK8YA==
  dependencies:
    "@babel/runtime" "^7.11.1"
    "@emotion/hash" "^0.8.0"
    "@emotion/unitless" "^0.7.5"
    classnames "^2.3.1"
    csstype "^3.1.3"
    rc-util "^5.35.0"
    stylis "^4.0.13"

"@ant-design/icons-svg@^4.4.0":
  version "4.4.2"
  resolved "https://registry.yarnpkg.com/@ant-design/icons-svg/-/icons-svg-4.4.2.tgz#ed2be7fb4d82ac7e1d45a54a5b06d6cecf8be6f6"
  integrity sha512-vHbT+zJEVzllwP+CM+ul7reTEfBR0vgxFe7+lREAsAA7YGsYpboiq2sQNeQeRvh09GfQgs/GyFEvZpJ9cLXpXA==

"@ant-design/icons@^5.3.7":
  version "5.3.7"
  resolved "https://registry.yarnpkg.com/@ant-design/icons/-/icons-5.3.7.tgz#d9f3654bf7934ee5faba43f91b5a187f5309ec68"
  integrity sha512-bCPXTAg66f5bdccM4TT21SQBDO1Ek2gho9h3nO9DAKXJP4sq+5VBjrQMSxMVXSB3HyEz+cUbHQ5+6ogxCOpaew==
  dependencies:
    "@ant-design/colors" "^7.0.0"
    "@ant-design/icons-svg" "^4.4.0"
    "@babel/runtime" "^7.11.2"
    classnames "^2.2.6"
    rc-util "^5.31.1"

"@ant-design/react-slick@~1.1.2":
  version "1.1.2"
  resolved "https://registry.yarnpkg.com/@ant-design/react-slick/-/react-slick-1.1.2.tgz#f84ce3e4d0dc941f02b16f1d1d6d7a371ffbb4f1"
  integrity sha512-EzlvzE6xQUBrZuuhSAFTdsr4P2bBBHGZwKFemEfq8gIGyIQCxalYfZW/T2ORbtQx5rU69o+WycP3exY/7T1hGA==
  dependencies:
    "@babel/runtime" "^7.10.4"
    classnames "^2.2.5"
    json2mq "^0.2.0"
    resize-observer-polyfill "^1.5.1"
    throttle-debounce "^5.0.0"

"@babel/runtime@^7.10.1", "@babel/runtime@^7.10.4", "@babel/runtime@^7.11.1", "@babel/runtime@^7.11.2", "@babel/runtime@^7.12.5", "@babel/runtime@^7.16.7", "@babel/runtime@^7.18.0", "@babel/runtime@^7.18.3", "@babel/runtime@^7.20.0", "@babel/runtime@^7.20.7", "@babel/runtime@^7.21.0", "@babel/runtime@^7.22.5", "@babel/runtime@^7.23.2", "@babel/runtime@^7.23.6", "@babel/runtime@^7.23.9", "@babel/runtime@^7.24.4", "@babel/runtime@^7.24.7":
  version "7.24.7"
  resolved "https://registry.yarnpkg.com/@babel/runtime/-/runtime-7.24.7.tgz#f4f0d5530e8dbdf59b3451b9b3e594b6ba082e12"
  integrity sha512-UwgBRMjJP+xv857DCngvqXI3Iq6J4v0wXmwc6sapg+zyhbwmQX67LUEFrkK5tbyJ30jGuG3ZvWpBiB9LCy1kWw==
  dependencies:
    regenerator-runtime "^0.14.0"

"@ctrl/tinycolor@^3.6.1":
  version "3.6.1"
  resolved "https://registry.yarnpkg.com/@ctrl/tinycolor/-/tinycolor-3.6.1.tgz#b6c75a56a1947cc916ea058772d666a2c8932f31"
  integrity sha512-SITSV6aIXsuVNV3f3O0f2n/cgyEDWoSqtZMYiAmcsYHydcKrOz3gUxB/iXd/Qf08+IZX4KpgNbvUdMBmWz+kcA==

"@emotion/hash@^0.8.0":
  version "0.8.0"
  resolved "https://registry.yarnpkg.com/@emotion/hash/-/hash-0.8.0.tgz#bbbff68978fefdbe68ccb533bc8cbe1d1afb5413"
  integrity sha512-kBJtf7PH6aWwZ6fka3zQ0p6SBYzx4fl1LoZXE2RrnYST9Xljm7WfKJrU4g/Xr3Beg72MLrp1AWNUmuYJTL7Cow==

"@emotion/unitless@^0.7.5":
  version "0.7.5"
  resolved "https://registry.yarnpkg.com/@emotion/unitless/-/unitless-0.7.5.tgz#77211291c1900a700b8a78cfafda3160d76949ed"
  integrity sha512-OWORNpfjMsSSUBVrRBVGECkhWcULOAJz9ZW8uK9qgxD+87M7jHRcvh/A96XXNhXTLmKcoYSQtBEX7lHMO7YRwg==

"@next/env@14.2.4":
  version "14.2.4"
  resolved "https://registry.yarnpkg.com/@next/env/-/env-14.2.4.tgz#5546813dc4f809884a37d257b254a5ce1b0248d7"
  integrity sha512-3EtkY5VDkuV2+lNmKlbkibIJxcO4oIHEhBWne6PaAp+76J9KoSsGvNikp6ivzAT8dhhBMYrm6op2pS1ApG0Hzg==

"@next/swc-darwin-arm64@14.2.4":
  version "14.2.4"
  resolved "https://registry.yarnpkg.com/@next/swc-darwin-arm64/-/swc-darwin-arm64-14.2.4.tgz#da9f04c34a3d5f0b8401ed745768420e4a604036"
  integrity sha512-AH3mO4JlFUqsYcwFUHb1wAKlebHU/Hv2u2kb1pAuRanDZ7pD/A/KPD98RHZmwsJpdHQwfEc/06mgpSzwrJYnNg==

"@next/swc-darwin-x64@14.2.4":
  version "14.2.4"
  resolved "https://registry.yarnpkg.com/@next/swc-darwin-x64/-/swc-darwin-x64-14.2.4.tgz#46dedb29ec5503bf171a72a3ecb8aac6e738e9d6"
  integrity sha512-QVadW73sWIO6E2VroyUjuAxhWLZWEpiFqHdZdoQ/AMpN9YWGuHV8t2rChr0ahy+irKX5mlDU7OY68k3n4tAZTg==

"@next/swc-linux-arm64-gnu@14.2.4":
  version "14.2.4"
  resolved "https://registry.yarnpkg.com/@next/swc-linux-arm64-gnu/-/swc-linux-arm64-gnu-14.2.4.tgz#c9697ab9eb422bd1d7ffd0eb0779cc2aefa9d4a1"
  integrity sha512-KT6GUrb3oyCfcfJ+WliXuJnD6pCpZiosx2X3k66HLR+DMoilRb76LpWPGb4tZprawTtcnyrv75ElD6VncVamUQ==

"@next/swc-linux-arm64-musl@14.2.4":
  version "14.2.4"
  resolved "https://registry.yarnpkg.com/@next/swc-linux-arm64-musl/-/swc-linux-arm64-musl-14.2.4.tgz#cbbceb2008571c743b5a310a488d2e166d200a75"
  integrity sha512-Alv8/XGSs/ytwQcbCHwze1HmiIkIVhDHYLjczSVrf0Wi2MvKn/blt7+S6FJitj3yTlMwMxII1gIJ9WepI4aZ/A==

"@next/swc-linux-x64-gnu@14.2.4":
  version "14.2.4"
  resolved "https://registry.yarnpkg.com/@next/swc-linux-x64-gnu/-/swc-linux-x64-gnu-14.2.4.tgz#d79184223f857bacffb92f643cb2943a43632568"
  integrity sha512-ze0ShQDBPCqxLImzw4sCdfnB3lRmN3qGMB2GWDRlq5Wqy4G36pxtNOo2usu/Nm9+V2Rh/QQnrRc2l94kYFXO6Q==

"@next/swc-linux-x64-musl@14.2.4":
  version "14.2.4"
  resolved "https://registry.yarnpkg.com/@next/swc-linux-x64-musl/-/swc-linux-x64-musl-14.2.4.tgz#6b6c3e5ac02ca5e63394d280ec8ee607491902df"
  integrity sha512-8dwC0UJoc6fC7PX70csdaznVMNr16hQrTDAMPvLPloazlcaWfdPogq+UpZX6Drqb1OBlwowz8iG7WR0Tzk/diQ==

"@next/swc-win32-arm64-msvc@14.2.4":
  version "14.2.4"
  resolved "https://registry.yarnpkg.com/@next/swc-win32-arm64-msvc/-/swc-win32-arm64-msvc-14.2.4.tgz#dbad3906e870dba84c5883d9d4c4838472e0697f"
  integrity sha512-jxyg67NbEWkDyvM+O8UDbPAyYRZqGLQDTPwvrBBeOSyVWW/jFQkQKQ70JDqDSYg1ZDdl+E3nkbFbq8xM8E9x8A==

"@next/swc-win32-ia32-msvc@14.2.4":
  version "14.2.4"
  resolved "https://registry.yarnpkg.com/@next/swc-win32-ia32-msvc/-/swc-win32-ia32-msvc-14.2.4.tgz#6074529b91ba49132922ce89a2e16d25d2ec235d"
  integrity sha512-twrmN753hjXRdcrZmZttb/m5xaCBFa48Dt3FbeEItpJArxriYDunWxJn+QFXdJ3hPkm4u7CKxncVvnmgQMY1ag==

"@next/swc-win32-x64-msvc@14.2.4":
  version "14.2.4"
  resolved "https://registry.yarnpkg.com/@next/swc-win32-x64-msvc/-/swc-win32-x64-msvc-14.2.4.tgz#e65a1c6539a671f97bb86d5183d6e3a1733c29c7"
  integrity sha512-tkLrjBzqFTP8DVrAAQmZelEahfR9OxWpFR++vAI9FBhCiIxtwHwBHC23SBHCTURBtwB4kc/x44imVOnkKGNVGg==

"@rc-component/async-validator@^5.0.3":
  version "5.0.4"
  resolved "https://registry.yarnpkg.com/@rc-component/async-validator/-/async-validator-5.0.4.tgz#5291ad92f00a14b6766fc81735c234277f83e948"
  integrity sha512-qgGdcVIF604M9EqjNF0hbUTz42bz/RDtxWdWuU5EQe3hi7M8ob54B6B35rOsvX5eSvIHIzT9iH1R3n+hk3CGfg==
  dependencies:
    "@babel/runtime" "^7.24.4"

"@rc-component/color-picker@~1.5.3":
  version "1.5.3"
  resolved "https://registry.yarnpkg.com/@rc-component/color-picker/-/color-picker-1.5.3.tgz#f3b0e14bb67ec5ee77d1fd5d261f63dd4fd00449"
  integrity sha512-+tGGH3nLmYXTalVe0L8hSZNs73VTP5ueSHwUlDC77KKRaN7G4DS4wcpG5DTDzdcV/Yas+rzA6UGgIyzd8fS4cw==
  dependencies:
    "@babel/runtime" "^7.23.6"
    "@ctrl/tinycolor" "^3.6.1"
    classnames "^2.2.6"
    rc-util "^5.38.1"

"@rc-component/context@^1.4.0":
  version "1.4.0"
  resolved "https://registry.yarnpkg.com/@rc-component/context/-/context-1.4.0.tgz#dc6fb021d6773546af8f016ae4ce9aea088395e8"
  integrity sha512-kFcNxg9oLRMoL3qki0OMxK+7g5mypjgaaJp/pkOis/6rVxma9nJBF/8kCIuTYHUQNr0ii7MxqE33wirPZLJQ2w==
  dependencies:
    "@babel/runtime" "^7.10.1"
    rc-util "^5.27.0"

"@rc-component/mini-decimal@^1.0.1":
  version "1.1.0"
  resolved "https://registry.yarnpkg.com/@rc-component/mini-decimal/-/mini-decimal-1.1.0.tgz#7b7a362b14a0a54cb5bc6fd2b82731f29f11d9b0"
  integrity sha512-jS4E7T9Li2GuYwI6PyiVXmxTiM6b07rlD9Ge8uGZSCz3WlzcG5ZK7g5bbuKNeZ9pgUuPK/5guV781ujdVpm4HQ==
  dependencies:
    "@babel/runtime" "^7.18.0"

"@rc-component/mutate-observer@^1.1.0":
  version "1.1.0"
  resolved "https://registry.yarnpkg.com/@rc-component/mutate-observer/-/mutate-observer-1.1.0.tgz#ee53cc88b78aade3cd0653609215a44779386fd8"
  integrity sha512-QjrOsDXQusNwGZPf4/qRQasg7UFEj06XiCJ8iuiq/Io7CrHrgVi6Uuetw60WAMG1799v+aM8kyc+1L/GBbHSlw==
  dependencies:
    "@babel/runtime" "^7.18.0"
    classnames "^2.3.2"
    rc-util "^5.24.4"

"@rc-component/portal@^1.0.0-8", "@rc-component/portal@^1.0.0-9", "@rc-component/portal@^1.0.2", "@rc-component/portal@^1.1.0", "@rc-component/portal@^1.1.1":
  version "1.1.2"
  resolved "https://registry.yarnpkg.com/@rc-component/portal/-/portal-1.1.2.tgz#55db1e51d784e034442e9700536faaa6ab63fc71"
  integrity sha512-6f813C0IsasTZms08kfA8kPAGxbbkYToa8ALaiDIGGECU4i9hj8Plgbx0sNJDrey3EtHO30hmdaxtT0138xZcg==
  dependencies:
    "@babel/runtime" "^7.18.0"
    classnames "^2.3.2"
    rc-util "^5.24.4"

"@rc-component/tour@~1.15.0":
  version "1.15.0"
  resolved "https://registry.yarnpkg.com/@rc-component/tour/-/tour-1.15.0.tgz#37a66ae5af8eefaf0ab0e22ddd8e6fecdbdc14a7"
  integrity sha512-h6hyILDwL+In9GAgRobwRWihLqqsD7Uft3fZGrJ7L4EiyCoxbnNYwzPXDfz7vNDhWeVyvAWQJj9fJCzpI4+b4g==
  dependencies:
    "@babel/runtime" "^7.18.0"
    "@rc-component/portal" "^1.0.0-9"
    "@rc-component/trigger" "^2.0.0"
    classnames "^2.3.2"
    rc-util "^5.24.4"

"@rc-component/trigger@^2.0.0", "@rc-component/trigger@^2.1.1", "@rc-component/trigger@^2.2.0":
  version "2.2.0"
  resolved "https://registry.yarnpkg.com/@rc-component/trigger/-/trigger-2.2.0.tgz#503a48b0895a2cfddee0a5b7b11492c3df2a493d"
  integrity sha512-QarBCji02YE9aRFhZgRZmOpXBj0IZutRippsVBv85sxvG4FGk/vRxwAlkn3MS9zK5mwbETd86mAVg2tKqTkdJA==
  dependencies:
    "@babel/runtime" "^7.23.2"
    "@rc-component/portal" "^1.1.0"
    classnames "^2.3.2"
    rc-motion "^2.0.0"
    rc-resize-observer "^1.3.1"
    rc-util "^5.38.0"

"@swc/counter@^0.1.3":
  version "0.1.3"
  resolved "https://registry.yarnpkg.com/@swc/counter/-/counter-0.1.3.tgz#cc7463bd02949611c6329596fccd2b0ec782b0e9"
  integrity sha512-e2BR4lsJkkRlKZ/qCHPw9ZaSxc0MVUd7gtbtaB7aMvHeJVYe8sOB8DBZkP2DtISHGSku9sCK6T6cnY0CtXrOCQ==

"@swc/helpers@0.5.5":
  version "0.5.5"
  resolved "https://registry.yarnpkg.com/@swc/helpers/-/helpers-0.5.5.tgz#12689df71bfc9b21c4f4ca00ae55f2f16c8b77c0"
  integrity sha512-KGYxvIOXcceOAbEk4bi/dVLEK9z8sZ0uBB3Il5b1rhfClSpcX0yfRO0KmTkqR2cnQDymwLB+25ZyMzICg/cm/A==
  dependencies:
    "@swc/counter" "^0.1.3"
    tslib "^2.4.0"

"@types/node@^20":
  version "20.14.8"
  resolved "https://registry.yarnpkg.com/@types/node/-/node-20.14.8.tgz#45c26a2a5de26c3534a9504530ddb3b27ce031ac"
  integrity sha512-DO+2/jZinXfROG7j7WKFn/3C6nFwxy2lLpgLjEXJz+0XKphZlTLJ14mo8Vfg8X5BWN6XjyESXq+LcYdT7tR3bA==
  dependencies:
    undici-types "~5.26.4"

"@types/prop-types@*":
  version "15.7.12"
  resolved "https://registry.yarnpkg.com/@types/prop-types/-/prop-types-15.7.12.tgz#12bb1e2be27293c1406acb6af1c3f3a1481d98c6"
  integrity sha512-5zvhXYtRNRluoE/jAp4GVsSduVUzNWKkOZrCDBWYtE7biZywwdC2AcEzg+cSMLFRfVgeAFqpfNabiPjxFddV1Q==

"@types/react-dom@^18":
  version "18.3.0"
  resolved "https://registry.yarnpkg.com/@types/react-dom/-/react-dom-18.3.0.tgz#0cbc818755d87066ab6ca74fbedb2547d74a82b0"
  integrity sha512-EhwApuTmMBmXuFOikhQLIBUn6uFg81SwLMOAUgodJF14SOBOCMdU04gDoYi0WOJJHD144TL32z4yDqCW3dnkQg==
  dependencies:
    "@types/react" "*"

"@types/react@*", "@types/react@^18":
  version "18.3.3"
  resolved "https://registry.yarnpkg.com/@types/react/-/react-18.3.3.tgz#9679020895318b0915d7a3ab004d92d33375c45f"
  integrity sha512-hti/R0pS0q1/xx+TsI73XIqk26eBsISZ2R0wUijXIngRK9R/e7Xw/cXVxQK7R5JjW+SV4zGcn5hXjudkN/pLIw==
  dependencies:
    "@types/prop-types" "*"
    csstype "^3.0.2"

antd@^5.18.3:
  version "5.18.3"
  resolved "https://registry.yarnpkg.com/antd/-/antd-5.18.3.tgz#71455216af07da202bddfa8cd16976e29dcf575c"
  integrity sha512-Dm3P8HBxoo/DiR/QZLj5Mk+rQZsSXxCCArSZACHGiklkkjW6klzlebAElOUr9NyDeFX7UnQ6LVk7vznXlnjTqQ==
  dependencies:
    "@ant-design/colors" "^7.0.2"
    "@ant-design/cssinjs" "^1.21.0"
    "@ant-design/icons" "^5.3.7"
    "@ant-design/react-slick" "~1.1.2"
    "@babel/runtime" "^7.24.7"
    "@ctrl/tinycolor" "^3.6.1"
    "@rc-component/color-picker" "~1.5.3"
    "@rc-component/mutate-observer" "^1.1.0"
    "@rc-component/tour" "~1.15.0"
    "@rc-component/trigger" "^2.2.0"
    classnames "^2.5.1"
    copy-to-clipboard "^3.3.3"
    dayjs "^1.11.11"
    qrcode.react "^3.1.0"
    rc-cascader "~3.26.0"
    rc-checkbox "~3.3.0"
    rc-collapse "~3.7.3"
    rc-dialog "~9.5.2"
    rc-drawer "~7.2.0"
    rc-dropdown "~4.2.0"
    rc-field-form "~2.2.1"
    rc-image "~7.9.0"
    rc-input "~1.5.1"
    rc-input-number "~9.1.0"
    rc-mentions "~2.14.0"
    rc-menu "~9.14.0"
    rc-motion "^2.9.2"
    rc-notification "~5.6.0"
    rc-pagination "~4.0.4"
    rc-picker "~4.5.0"
    rc-progress "~4.0.0"
    rc-rate "~2.13.0"
    rc-resize-observer "^1.4.0"
    rc-segmented "~2.3.0"
    rc-select "~14.14.0"
    rc-slider "~10.6.2"
    rc-steps "~6.0.1"
    rc-switch "~4.1.0"
    rc-table "~7.45.7"
    rc-tabs "~15.1.1"
    rc-textarea "~1.7.0"
    rc-tooltip "~6.2.0"
    rc-tree "~5.8.8"
    rc-tree-select "~5.21.0"
    rc-upload "~4.5.2"
    rc-util "^5.43.0"
    scroll-into-view-if-needed "^3.1.0"
    throttle-debounce "^5.0.0"

array-tree-filter@^2.1.0:
  version "2.1.0"
  resolved "https://registry.yarnpkg.com/array-tree-filter/-/array-tree-filter-2.1.0.tgz#873ac00fec83749f255ac8dd083814b4f6329190"
  integrity sha512-4ROwICNlNw/Hqa9v+rk5h22KjmzB1JGTMVKP2AKJBOCgb0yL0ASf0+YvCcLNNwquOHNX48jkeZIJ3a+oOQqKcw==

asynckit@^0.4.0:
  version "0.4.0"
  resolved "https://registry.yarnpkg.com/asynckit/-/asynckit-0.4.0.tgz#c79ed97f7f34cb8f2ba1bc9790bcc366474b4b79"
  integrity sha512-Oei9OH4tRh0YqU3GxhX79dM/mwVgvbZJaSNaRk+bshkj0S5cfHcgYakreBjrHwatXKbz+IoIdYLxrKim2MjW0Q==

axios@^1.7.2:
  version "1.7.2"
  resolved "https://registry.yarnpkg.com/axios/-/axios-1.7.2.tgz#b625db8a7051fbea61c35a3cbb3a1daa7b9c7621"
  integrity sha512-2A8QhOMrbomlDuiLeK9XibIBzuHeRcqqNOHp0Cyp5EoJ1IFDh+XZH3A6BkXtv0K4gFGCI0Y4BM7B1wOEi0Rmgw==
  dependencies:
    follow-redirects "^1.15.6"
    form-data "^4.0.0"
    proxy-from-env "^1.1.0"

bootstrap@^5.3.3:
  version "5.3.3"
  resolved "https://registry.yarnpkg.com/bootstrap/-/bootstrap-5.3.3.tgz#de35e1a765c897ac940021900fcbb831602bac38"
  integrity sha512-8HLCdWgyoMguSO9o+aH+iuZ+aht+mzW0u3HIMzVu7Srrpv7EBBxTnrFlSCskwdY1+EOFQSm7uMJhNQHkdPcmjg==

busboy@1.6.0:
  version "1.6.0"
  resolved "https://registry.yarnpkg.com/busboy/-/busboy-1.6.0.tgz#966ea36a9502e43cdb9146962523b92f531f6893"
  integrity sha512-8SFQbg/0hQ9xy3UNTB0YEnsNBbWfhf7RtnzpL7TkBiTBRfrQ9Fxcnz7VJsleJpyp6rVLvXiuORqjlHi5q+PYuA==
  dependencies:
    streamsearch "^1.1.0"

caniuse-lite@^1.0.30001579:
  version "1.0.30001636"
  resolved "https://registry.yarnpkg.com/caniuse-lite/-/caniuse-lite-1.0.30001636.tgz#b15f52d2bdb95fad32c2f53c0b68032b85188a78"
  integrity sha512-bMg2vmr8XBsbL6Lr0UHXy/21m84FTxDLWn2FSqMd5PrlbMxwJlQnC2YWYxVgp66PZE+BBNF2jYQUBKCo1FDeZg==

classnames@2.x, classnames@^2.2.1, classnames@^2.2.3, classnames@^2.2.5, classnames@^2.2.6, classnames@^2.3.1, classnames@^2.3.2, classnames@^2.5.1:
  version "2.5.1"
  resolved "https://registry.yarnpkg.com/classnames/-/classnames-2.5.1.tgz#ba774c614be0f016da105c858e7159eae8e7687b"
  integrity sha512-saHYOzhIQs6wy2sVxTM6bUDsQO4F50V9RQ22qBpEdCW+I+/Wmke2HOl6lS6dTpdxVhb88/I6+Hs+438c3lfUow==

client-only@0.0.1:
  version "0.0.1"
  resolved "https://registry.yarnpkg.com/client-only/-/client-only-0.0.1.tgz#38bba5d403c41ab150bff64a95c85013cf73bca1"
  integrity sha512-IV3Ou0jSMzZrd3pZ48nLkT9DA7Ag1pnPzaiQhpW7c3RbcqqzvzzVu+L8gfqMp/8IM2MQtSiqaCxrrcfu8I8rMA==

combined-stream@^1.0.8:
  version "1.0.8"
  resolved "https://registry.yarnpkg.com/combined-stream/-/combined-stream-1.0.8.tgz#c3d45a8b34fd730631a110a8a2520682b31d5a7f"
  integrity sha512-FQN4MRfuJeHf7cBbBMJFXhKSDq+2kAArBlmRBvcvFE5BB1HZKXtSFASDhdlz9zOYwxh8lDdnvmMOe/+5cdoEdg==
  dependencies:
    delayed-stream "~1.0.0"

compute-scroll-into-view@^3.0.2:
  version "3.1.0"
  resolved "https://registry.yarnpkg.com/compute-scroll-into-view/-/compute-scroll-into-view-3.1.0.tgz#753f11d972596558d8fe7c6bcbc8497690ab4c87"
  integrity sha512-rj8l8pD4bJ1nx+dAkMhV1xB5RuZEyVysfxJqB1pRchh1KVvwOv9b7CGB8ZfjTImVv2oF+sYMUkMZq6Na5Ftmbg==

copy-to-clipboard@^3.3.3:
  version "3.3.3"
  resolved "https://registry.yarnpkg.com/copy-to-clipboard/-/copy-to-clipboard-3.3.3.tgz#55ac43a1db8ae639a4bd99511c148cdd1b83a1b0"
  integrity sha512-2KV8NhB5JqC3ky0r9PMCAZKbUHSwtEo4CwCs0KXgruG43gX5PMqDEBbVU4OUzw2MuAWUfsuFmWvEKG5QRfSnJA==
  dependencies:
    toggle-selection "^1.0.6"

csstype@^3.0.2, csstype@^3.1.3:
  version "3.1.3"
  resolved "https://registry.yarnpkg.com/csstype/-/csstype-3.1.3.tgz#d80ff294d114fb0e6ac500fbf85b60137d7eff81"
  integrity sha512-M1uQkMl8rQK/szD0LNhtqxIPLpimGm8sOBwU7lLnCpSbTyY3yeU1Vc7l4KT5zT4s/yOxHH5O7tIuuLOCnLADRw==

dayjs@^1.11.11:
  version "1.11.11"
  resolved "https://registry.yarnpkg.com/dayjs/-/dayjs-1.11.11.tgz#dfe0e9d54c5f8b68ccf8ca5f72ac603e7e5ed59e"
  integrity sha512-okzr3f11N6WuqYtZSvm+F776mB41wRZMhKP+hc34YdW+KmtYYK9iqvHSwo2k9FEH3fhGXvOPV6yz2IcSrfRUDg==

delayed-stream@~1.0.0:
  version "1.0.0"
  resolved "https://registry.yarnpkg.com/delayed-stream/-/delayed-stream-1.0.0.tgz#df3ae199acadfb7d440aaae0b29e2272b24ec619"
  integrity sha512-ZySD7Nf91aLB0RxL4KGrKHBXl7Eds1DAmEdcoVawXnLD7SDhpNgtuII2aAkg7a7QS41jxPSZ17p4VdGnMHk3MQ==

follow-redirects@^1.15.6:
  version "1.15.6"
  resolved "https://registry.yarnpkg.com/follow-redirects/-/follow-redirects-1.15.6.tgz#7f815c0cda4249c74ff09e95ef97c23b5fd0399b"
  integrity sha512-wWN62YITEaOpSK584EZXJafH1AGpO8RVgElfkuXbTOrPX4fIfOyEpW/CsiNd8JdYrAoOvafRTOEnvsO++qCqFA==

form-data@^4.0.0:
  version "4.0.0"
  resolved "https://registry.yarnpkg.com/form-data/-/form-data-4.0.0.tgz#93919daeaf361ee529584b9b31664dc12c9fa452"
  integrity sha512-ETEklSGi5t0QMZuiXoA/Q6vcnxcLQP5vdugSpuAyi6SVGi2clPPp+xgEhuMaHC+zGgn31Kd235W35f7Hykkaww==
  dependencies:
    asynckit "^0.4.0"
    combined-stream "^1.0.8"
    mime-types "^2.1.12"

graceful-fs@^4.2.11:
  version "4.2.11"
  resolved "https://registry.yarnpkg.com/graceful-fs/-/graceful-fs-4.2.11.tgz#4183e4e8bf08bb6e05bbb2f7d2e0c8f712ca40e3"
  integrity sha512-RbJ5/jmFcNNCcDV5o9eTnBLJ/HszWV0P73bc+Ff4nS/rJj+YaS6IGyiOL0VoBYX+l1Wrl3k63h/KrH+nhJ0XvQ==

"js-tokens@^3.0.0 || ^4.0.0":
  version "4.0.0"
  resolved "https://registry.yarnpkg.com/js-tokens/-/js-tokens-4.0.0.tgz#19203fb59991df98e3a287050d4647cdeaf32499"
  integrity sha512-RdJUflcE3cUzKiMqQgsCu06FPu9UdIJO0beYbPhHN4k6apgJtifcoCtT9bcxOpYBtpD2kCM6Sbzg4CausW/PKQ==

json2mq@^0.2.0:
  version "0.2.0"
  resolved "https://registry.yarnpkg.com/json2mq/-/json2mq-0.2.0.tgz#b637bd3ba9eabe122c83e9720483aeb10d2c904a"
  integrity sha512-SzoRg7ux5DWTII9J2qkrZrqV1gt+rTaoufMxEzXbS26Uid0NwaJd123HcoB80TgubEppxxIGdNxCx50fEoEWQA==
  dependencies:
    string-convert "^0.2.0"

loose-envify@^1.1.0:
  version "1.4.0"
  resolved "https://registry.yarnpkg.com/loose-envify/-/loose-envify-1.4.0.tgz#71ee51fa7be4caec1a63839f7e682d8132d30caf"
  integrity sha512-lyuxPGr/Wfhrlem2CL/UcnUc1zcqKAImBDzukY7Y5F/yQiNdko6+fRLevlw1HgMySw7f611UIY408EtxRSoK3Q==
  dependencies:
    js-tokens "^3.0.0 || ^4.0.0"

mime-db@1.52.0:
  version "1.52.0"
  resolved "https://registry.yarnpkg.com/mime-db/-/mime-db-1.52.0.tgz#bbabcdc02859f4987301c856e3387ce5ec43bf70"
  integrity sha512-sPU4uV7dYlvtWJxwwxHD0PuihVNiE7TyAbQ5SWxDCB9mUYvOgroQOwYQQOKPJ8CIbE+1ETVlOoK1UC2nU3gYvg==

mime-types@^2.1.12:
  version "2.1.35"
  resolved "https://registry.yarnpkg.com/mime-types/-/mime-types-2.1.35.tgz#381a871b62a734450660ae3deee44813f70d959a"
  integrity sha512-ZDY+bPm5zTTF+YpCrAU9nK0UgICYPT0QtT1NZWFv4s++TNkcgVaT0g6+4R2uI4MjQjzysHB1zxuWL50hzaeXiw==
  dependencies:
    mime-db "1.52.0"

nanoid@^3.3.6:
  version "3.3.7"
  resolved "https://registry.yarnpkg.com/nanoid/-/nanoid-3.3.7.tgz#d0c301a691bc8d54efa0a2226ccf3fe2fd656bd8"
  integrity sha512-eSRppjcPIatRIMC1U6UngP8XFcz8MQWGQdt1MTBQ7NaAmvXDfvNxbvWV3x2y6CdEUciCSsDHDQZbhYaB8QEo2g==

next@14.2.4:
  version "14.2.4"
  resolved "https://registry.yarnpkg.com/next/-/next-14.2.4.tgz#ef66c39c71e2d8ad0a3caa0383c8933f4663e4d1"
  integrity sha512-R8/V7vugY+822rsQGQCjoLhMuC9oFj9SOi4Cl4b2wjDrseD0LRZ10W7R6Czo4w9ZznVSshKjuIomsRjvm9EKJQ==
  dependencies:
    "@next/env" "14.2.4"
    "@swc/helpers" "0.5.5"
    busboy "1.6.0"
    caniuse-lite "^1.0.30001579"
    graceful-fs "^4.2.11"
    postcss "8.4.31"
    styled-jsx "5.1.1"
  optionalDependencies:
    "@next/swc-darwin-arm64" "14.2.4"
    "@next/swc-darwin-x64" "14.2.4"
    "@next/swc-linux-arm64-gnu" "14.2.4"
    "@next/swc-linux-arm64-musl" "14.2.4"
    "@next/swc-linux-x64-gnu" "14.2.4"
    "@next/swc-linux-x64-musl" "14.2.4"
    "@next/swc-win32-arm64-msvc" "14.2.4"
    "@next/swc-win32-ia32-msvc" "14.2.4"
    "@next/swc-win32-x64-msvc" "14.2.4"

picocolors@^1.0.0:
  version "1.0.1"
  resolved "https://registry.yarnpkg.com/picocolors/-/picocolors-1.0.1.tgz#a8ad579b571952f0e5d25892de5445bcfe25aaa1"
  integrity sha512-anP1Z8qwhkbmu7MFP5iTt+wQKXgwzf7zTyGlcdzabySa9vd0Xt392U0rVmz9poOaBj0uHJKyyo9/upk0HrEQew==

postcss@8.4.31:
  version "8.4.31"
  resolved "https://registry.yarnpkg.com/postcss/-/postcss-8.4.31.tgz#92b451050a9f914da6755af352bdc0192508656d"
  integrity sha512-PS08Iboia9mts/2ygV3eLpY5ghnUcfLV/EXTOW1E2qYxJKGGBUtNjN76FYHnMs36RmARn41bC0AZmn+rR0OVpQ==
  dependencies:
    nanoid "^3.3.6"
    picocolors "^1.0.0"
    source-map-js "^1.0.2"

proxy-from-env@^1.1.0:
  version "1.1.0"
  resolved "https://registry.yarnpkg.com/proxy-from-env/-/proxy-from-env-1.1.0.tgz#e102f16ca355424865755d2c9e8ea4f24d58c3e2"
  integrity sha512-D+zkORCbA9f1tdWRK0RaCR3GPv50cMxcrz4X8k5LTSUD1Dkw47mKJEZQNunItRTkWwgtaUSo1RVFRIG9ZXiFYg==

qrcode.react@^3.1.0:
  version "3.1.0"
  resolved "https://registry.yarnpkg.com/qrcode.react/-/qrcode.react-3.1.0.tgz#5c91ddc0340f768316fbdb8fff2765134c2aecd8"
  integrity sha512-oyF+Urr3oAMUG/OiOuONL3HXM+53wvuH3mtIWQrYmsXoAq0DkvZp2RYUWFSMFtbdOpuS++9v+WAkzNVkMlNW6Q==

rc-cascader@~3.26.0:
  version "3.26.0"
  resolved "https://registry.yarnpkg.com/rc-cascader/-/rc-cascader-3.26.0.tgz#1bcc9c29451047dc99e28fdd125c94828d7ddf76"
  integrity sha512-L1dml383TPSJD1I11YwxuVbmqaJY64psZqFp1ETlgl3LEOwDu76Cyl11fw5dmjJhMlUWwM5dECQfqJgfebhUjg==
  dependencies:
    "@babel/runtime" "^7.12.5"
    array-tree-filter "^2.1.0"
    classnames "^2.3.1"
    rc-select "~14.14.0"
    rc-tree "~5.8.1"
    rc-util "^5.37.0"

rc-checkbox@~3.3.0:
  version "3.3.0"
  resolved "https://registry.yarnpkg.com/rc-checkbox/-/rc-checkbox-3.3.0.tgz#0ffcb65ab78c7d2fcd1a0d6554af36786516bd02"
  integrity sha512-Ih3ZaAcoAiFKJjifzwsGiT/f/quIkxJoklW4yKGho14Olulwn8gN7hOBve0/WGDg5o/l/5mL0w7ff7/YGvefVw==
  dependencies:
    "@babel/runtime" "^7.10.1"
    classnames "^2.3.2"
    rc-util "^5.25.2"

rc-collapse@~3.7.3:
  version "3.7.3"
  resolved "https://registry.yarnpkg.com/rc-collapse/-/rc-collapse-3.7.3.tgz#68161683d8fd1004bef4eb281fc106f3c8dc16eb"
  integrity sha512-60FJcdTRn0X5sELF18TANwtVi7FtModq649H11mYF1jh83DniMoM4MqY627sEKRCTm4+WXfGDcB7hY5oW6xhyw==
  dependencies:
    "@babel/runtime" "^7.10.1"
    classnames "2.x"
    rc-motion "^2.3.4"
    rc-util "^5.27.0"

rc-dialog@~9.5.2:
  version "9.5.2"
  resolved "https://registry.yarnpkg.com/rc-dialog/-/rc-dialog-9.5.2.tgz#4cf7cca23aedb6fd3d9344ea8ffd14daa94ee3a0"
  integrity sha512-qVUjc8JukG+j/pNaHVSRa2GO2/KbV2thm7yO4hepQ902eGdYK913sGkwg/fh9yhKYV1ql3BKIN2xnud3rEXAPw==
  dependencies:
    "@babel/runtime" "^7.10.1"
    "@rc-component/portal" "^1.0.0-8"
    classnames "^2.2.6"
    rc-motion "^2.3.0"
    rc-util "^5.21.0"

rc-drawer@~7.2.0:
  version "7.2.0"
  resolved "https://registry.yarnpkg.com/rc-drawer/-/rc-drawer-7.2.0.tgz#8d7de2f1fd52f3ac5a25f54afbb8ac14c62e5663"
  integrity sha512-9lOQ7kBekEJRdEpScHvtmEtXnAsy+NGDXiRWc2ZVC7QXAazNVbeT4EraQKYwCME8BJLa8Bxqxvs5swwyOepRwg==
  dependencies:
    "@babel/runtime" "^7.23.9"
    "@rc-component/portal" "^1.1.1"
    classnames "^2.2.6"
    rc-motion "^2.6.1"
    rc-util "^5.38.1"

rc-dropdown@~4.2.0:
  version "4.2.0"
  resolved "https://registry.yarnpkg.com/rc-dropdown/-/rc-dropdown-4.2.0.tgz#c6052fcfe9c701487b141e411cdc277dc7c6f061"
  integrity sha512-odM8Ove+gSh0zU27DUj5cG1gNKg7mLWBYzB5E4nNLrLwBmYEgYP43vHKDGOVZcJSVElQBI0+jTQgjnq0NfLjng==
  dependencies:
    "@babel/runtime" "^7.18.3"
    "@rc-component/trigger" "^2.0.0"
    classnames "^2.2.6"
    rc-util "^5.17.0"

rc-field-form@~2.2.1:
  version "2.2.1"
  resolved "https://registry.yarnpkg.com/rc-field-form/-/rc-field-form-2.2.1.tgz#0a8c76a0103535c229311dac7f91d32ea13cd3bc"
  integrity sha512-uoNqDoR7A4tn4QTSqoWPAzrR7ZwOK5I+vuZ/qdcHtbKx+ZjEsTg7QXm2wk/jalDiSksAQmATxL0T5LJkRREdIA==
  dependencies:
    "@babel/runtime" "^7.18.0"
    "@rc-component/async-validator" "^5.0.3"
    rc-util "^5.32.2"

rc-image@~7.9.0:
  version "7.9.0"
  resolved "https://registry.yarnpkg.com/rc-image/-/rc-image-7.9.0.tgz#2d700a5cf891bb3d0d800b7c38348927ebb9f49b"
  integrity sha512-l4zqO5E0quuLMCtdKfBgj4Suv8tIS011F5k1zBBlK25iMjjiNHxA0VeTzGFtUZERSA45gvpXDg8/P6qNLjR25g==
  dependencies:
    "@babel/runtime" "^7.11.2"
    "@rc-component/portal" "^1.0.2"
    classnames "^2.2.6"
    rc-dialog "~9.5.2"
    rc-motion "^2.6.2"
    rc-util "^5.34.1"

rc-input-number@~9.1.0:
  version "9.1.0"
  resolved "https://registry.yarnpkg.com/rc-input-number/-/rc-input-number-9.1.0.tgz#fd577db284b65548c156500322a2feaa04321565"
  integrity sha512-NqJ6i25Xn/AgYfVxynlevIhX3FuKlMwIFpucGG1h98SlK32wQwDK0zhN9VY32McOmuaqzftduNYWWooWz8pXQA==
  dependencies:
    "@babel/runtime" "^7.10.1"
    "@rc-component/mini-decimal" "^1.0.1"
    classnames "^2.2.5"
    rc-input "~1.5.0"
    rc-util "^5.40.1"

rc-input@~1.5.0, rc-input@~1.5.1:
  version "1.5.1"
  resolved "https://registry.yarnpkg.com/rc-input/-/rc-input-1.5.1.tgz#36d37eb045f1fa17de7da1a3fab94edfa331ab92"
  integrity sha512-+nOzQJDeIfIpNP/SgY45LXSKbuMlp4Yap2y8c+ZpU7XbLmNzUd6+d5/S75sA/52jsVE6S/AkhkkDEAOjIu7i6g==
  dependencies:
    "@babel/runtime" "^7.11.1"
    classnames "^2.2.1"
    rc-util "^5.18.1"

rc-mentions@~2.14.0:
  version "2.14.0"
  resolved "https://registry.yarnpkg.com/rc-mentions/-/rc-mentions-2.14.0.tgz#7cad133de2e95b7478c0ebb5d2a4315dbe9bda29"
  integrity sha512-qKR59FMuF8PK4ZqsbWX3UuA5P1M/snzyqV6Yt3y1DCFbCEdqUGIBgQp6vEfLCO6Z0RoRFlzXtCeSlBTcDDpg1A==
  dependencies:
    "@babel/runtime" "^7.22.5"
    "@rc-component/trigger" "^2.0.0"
    classnames "^2.2.6"
    rc-input "~1.5.0"
    rc-menu "~9.14.0"
    rc-textarea "~1.7.0"
    rc-util "^5.34.1"

rc-menu@~9.14.0:
  version "9.14.1"
  resolved "https://registry.yarnpkg.com/rc-menu/-/rc-menu-9.14.1.tgz#5c2aea72bdce421e9d50bf721ad8b76c154ae66f"
  integrity sha512-5wlRb3M8S4yGlWhSoEYJ7ZVRElyScdcpUHxgiLxkeig1tEdyKrnED3B2fhpN0Rrpdp9jyhnmZR/Lwq2fH5VvDQ==
  dependencies:
    "@babel/runtime" "^7.10.1"
    "@rc-component/trigger" "^2.0.0"
    classnames "2.x"
    rc-motion "^2.4.3"
    rc-overflow "^1.3.1"
    rc-util "^5.27.0"

rc-motion@^2.0.0, rc-motion@^2.0.1, rc-motion@^2.3.0, rc-motion@^2.3.4, rc-motion@^2.4.3, rc-motion@^2.4.4, rc-motion@^2.6.1, rc-motion@^2.6.2, rc-motion@^2.9.0, rc-motion@^2.9.2:
  version "2.9.2"
  resolved "https://registry.yarnpkg.com/rc-motion/-/rc-motion-2.9.2.tgz#f7c6d480250df8a512d0cfdce07ff3da906958cf"
  integrity sha512-fUAhHKLDdkAXIDLH0GYwof3raS58dtNUmzLF2MeiR8o6n4thNpSDQhOqQzWE4WfFZDCi9VEN8n7tiB7czREcyw==
  dependencies:
    "@babel/runtime" "^7.11.1"
    classnames "^2.2.1"
    rc-util "^5.43.0"

rc-notification@~5.6.0:
  version "5.6.0"
  resolved "https://registry.yarnpkg.com/rc-notification/-/rc-notification-5.6.0.tgz#1639aa30686d79ee4bb8ace05a698a5a104aaa74"
  integrity sha512-TGQW5T7waOxLwgJG7fXcw8l7AQiFOjaZ7ISF5PrU526nunHRNcTMuzKihQHaF4E/h/KfOCDk3Mv8eqzbu2e28w==
  dependencies:
    "@babel/runtime" "^7.10.1"
    classnames "2.x"
    rc-motion "^2.9.0"
    rc-util "^5.20.1"

rc-overflow@^1.3.1, rc-overflow@^1.3.2:
  version "1.3.2"
  resolved "https://registry.yarnpkg.com/rc-overflow/-/rc-overflow-1.3.2.tgz#72ee49e85a1308d8d4e3bd53285dc1f3e0bcce2c"
  integrity sha512-nsUm78jkYAoPygDAcGZeC2VwIg/IBGSodtOY3pMof4W3M9qRJgqaDYm03ZayHlde3I6ipliAxbN0RUcGf5KOzw==
  dependencies:
    "@babel/runtime" "^7.11.1"
    classnames "^2.2.1"
    rc-resize-observer "^1.0.0"
    rc-util "^5.37.0"

rc-pagination@~4.0.4:
  version "4.0.4"
  resolved "https://registry.yarnpkg.com/rc-pagination/-/rc-pagination-4.0.4.tgz#ea401388ae86eac17ed5b41212d487f12b65b773"
  integrity sha512-GGrLT4NgG6wgJpT/hHIpL9nELv27A1XbSZzECIuQBQTVSf4xGKxWr6I/jhpRPauYEWEbWVw22ObG6tJQqwJqWQ==
  dependencies:
    "@babel/runtime" "^7.10.1"
    classnames "^2.3.2"
    rc-util "^5.38.0"

rc-picker@~4.5.0:
  version "4.5.0"
  resolved "https://registry.yarnpkg.com/rc-picker/-/rc-picker-4.5.0.tgz#ae7a028ed6184e0ef40a2c8aaeb9d5dbef89d4b8"
  integrity sha512-suqz9bzuhBQlf7u+bZd1bJLPzhXpk12w6AjQ9BTPTiFwexVZgUKViG1KNLyfFvW6tCUZZK0HmCCX7JAyM+JnCg==
  dependencies:
    "@babel/runtime" "^7.10.1"
    "@rc-component/trigger" "^2.0.0"
    classnames "^2.2.1"
    rc-overflow "^1.3.2"
    rc-resize-observer "^1.4.0"
    rc-util "^5.38.1"

rc-progress@~4.0.0:
  version "4.0.0"
  resolved "https://registry.yarnpkg.com/rc-progress/-/rc-progress-4.0.0.tgz#5382147d9add33d3a5fbd264001373df6440e126"
  integrity sha512-oofVMMafOCokIUIBnZLNcOZFsABaUw8PPrf1/y0ZBvKZNpOiu5h4AO9vv11Sw0p4Hb3D0yGWuEattcQGtNJ/aw==
  dependencies:
    "@babel/runtime" "^7.10.1"
    classnames "^2.2.6"
    rc-util "^5.16.1"

rc-rate@~2.13.0:
  version "2.13.0"
  resolved "https://registry.yarnpkg.com/rc-rate/-/rc-rate-2.13.0.tgz#642f591ccf55c3a5d84d8d212caf1f7951d203a8"
  integrity sha512-oxvx1Q5k5wD30sjN5tqAyWTvJfLNNJn7Oq3IeS4HxWfAiC4BOXMITNAsw7u/fzdtO4MS8Ki8uRLOzcnEuoQiAw==
  dependencies:
    "@babel/runtime" "^7.10.1"
    classnames "^2.2.5"
    rc-util "^5.0.1"

rc-resize-observer@^1.0.0, rc-resize-observer@^1.1.0, rc-resize-observer@^1.3.1, rc-resize-observer@^1.4.0:
  version "1.4.0"
  resolved "https://registry.yarnpkg.com/rc-resize-observer/-/rc-resize-observer-1.4.0.tgz#7bba61e6b3c604834980647cce6451914750d0cc"
  integrity sha512-PnMVyRid9JLxFavTjeDXEXo65HCRqbmLBw9xX9gfC4BZiSzbLXKzW3jPz+J0P71pLbD5tBMTT+mkstV5gD0c9Q==
  dependencies:
    "@babel/runtime" "^7.20.7"
    classnames "^2.2.1"
    rc-util "^5.38.0"
    resize-observer-polyfill "^1.5.1"

rc-segmented@~2.3.0:
  version "2.3.0"
  resolved "https://registry.yarnpkg.com/rc-segmented/-/rc-segmented-2.3.0.tgz#b3fe080fb434a266c02e30bb62a47d2c6e094341"
  integrity sha512-I3FtM5Smua/ESXutFfb8gJ8ZPcvFR+qUgeeGFQHBOvRiRKyAk4aBE5nfqrxXx+h8/vn60DQjOt6i4RNtrbOobg==
  dependencies:
    "@babel/runtime" "^7.11.1"
    classnames "^2.2.1"
    rc-motion "^2.4.4"
    rc-util "^5.17.0"

rc-select@~14.14.0:
  version "14.14.0"
  resolved "https://registry.yarnpkg.com/rc-select/-/rc-select-14.14.0.tgz#110771fad72496843b245236bcb0007553b9fe0d"
  integrity sha512-Uo2wulrjoPPRLCPd7zlK4ZFVJxlTN//yp1xWP/U+TUOQCyXrT+Duvq/Si5OzVcmQyWAUSbsplc2OwNNhvbOeKQ==
  dependencies:
    "@babel/runtime" "^7.10.1"
    "@rc-component/trigger" "^2.1.1"
    classnames "2.x"
    rc-motion "^2.0.1"
    rc-overflow "^1.3.1"
    rc-util "^5.16.1"
    rc-virtual-list "^3.5.2"

rc-slider@~10.6.2:
  version "10.6.2"
  resolved "https://registry.yarnpkg.com/rc-slider/-/rc-slider-10.6.2.tgz#8bd3b63b24f2f3682ea1bf86d021073189cf33eb"
  integrity sha512-FjkoFjyvUQWcBo1F3RgSglky3ar0+qHLM41PlFVYB4Bj3RD8E/Mv7kqMouLFBU+3aFglMzzctAIWRwajEuueSw==
  dependencies:
    "@babel/runtime" "^7.10.1"
    classnames "^2.2.5"
    rc-util "^5.36.0"

rc-steps@~6.0.1:
  version "6.0.1"
  resolved "https://registry.yarnpkg.com/rc-steps/-/rc-steps-6.0.1.tgz#c2136cd0087733f6d509209a84a5c80dc29a274d"
  integrity sha512-lKHL+Sny0SeHkQKKDJlAjV5oZ8DwCdS2hFhAkIjuQt1/pB81M0cA0ErVFdHq9+jmPmFw1vJB2F5NBzFXLJxV+g==
  dependencies:
    "@babel/runtime" "^7.16.7"
    classnames "^2.2.3"
    rc-util "^5.16.1"

rc-switch@~4.1.0:
  version "4.1.0"
  resolved "https://registry.yarnpkg.com/rc-switch/-/rc-switch-4.1.0.tgz#f37d81b4e0c5afd1274fd85367b17306bf25e7d7"
  integrity sha512-TI8ufP2Az9oEbvyCeVE4+90PDSljGyuwix3fV58p7HV2o4wBnVToEyomJRVyTaZeqNPAp+vqeo4Wnj5u0ZZQBg==
  dependencies:
    "@babel/runtime" "^7.21.0"
    classnames "^2.2.1"
    rc-util "^5.30.0"

rc-table@~7.45.7:
  version "7.45.7"
  resolved "https://registry.yarnpkg.com/rc-table/-/rc-table-7.45.7.tgz#f7c509e05c677a30ad5b212750122da6f5318004"
  integrity sha512-wi9LetBL1t1csxyGkMB2p3mCiMt+NDexMlPbXHvQFmBBAsMxrgNSAPwUci2zDLUq9m8QdWc1Nh8suvrpy9mXrg==
  dependencies:
    "@babel/runtime" "^7.10.1"
    "@rc-component/context" "^1.4.0"
    classnames "^2.2.5"
    rc-resize-observer "^1.1.0"
    rc-util "^5.37.0"
    rc-virtual-list "^3.14.2"

rc-tabs@~15.1.1:
  version "15.1.1"
  resolved "https://registry.yarnpkg.com/rc-tabs/-/rc-tabs-15.1.1.tgz#99f4c7647e01d3e22216d94222d717e928ed98d0"
  integrity sha512-Tc7bJvpEdkWIVCUL7yQrMNBJY3j44NcyWS48jF/UKMXuUlzaXK+Z/pEL5LjGcTadtPvVmNqA40yv7hmr+tCOAw==
  dependencies:
    "@babel/runtime" "^7.11.2"
    classnames "2.x"
    rc-dropdown "~4.2.0"
    rc-menu "~9.14.0"
    rc-motion "^2.6.2"
    rc-resize-observer "^1.0.0"
    rc-util "^5.34.1"

rc-textarea@~1.7.0:
  version "1.7.0"
  resolved "https://registry.yarnpkg.com/rc-textarea/-/rc-textarea-1.7.0.tgz#115c421359dddee58c601008ec2209b41cb8f8df"
  integrity sha512-UxizYJkWkmxP3zofXgc487QiGyDmhhheDLLjIWbFtDmiru1ls30KpO8odDaPyqNUIy9ugj5djxTEuezIn6t3Jg==
  dependencies:
    "@babel/runtime" "^7.10.1"
    classnames "^2.2.1"
    rc-input "~1.5.0"
    rc-resize-observer "^1.0.0"
    rc-util "^5.27.0"

rc-tooltip@~6.2.0:
  version "6.2.0"
  resolved "https://registry.yarnpkg.com/rc-tooltip/-/rc-tooltip-6.2.0.tgz#4dd7575674137a5b14f118a5c16435d3f5e4a9c9"
  integrity sha512-iS/3iOAvtDh9GIx1ulY7EFUXUtktFccNLsARo3NPgLf0QW9oT0w3dA9cYWlhqAKmD+uriEwdWz1kH0Qs4zk2Aw==
  dependencies:
    "@babel/runtime" "^7.11.2"
    "@rc-component/trigger" "^2.0.0"
    classnames "^2.3.1"

rc-tree-select@~5.21.0:
  version "5.21.0"
  resolved "https://registry.yarnpkg.com/rc-tree-select/-/rc-tree-select-5.21.0.tgz#4ff94d5c28cba9810c4970d1f12ab7248c3b6e55"
  integrity sha512-w+9qEu6zh0G3wt9N/hzWNSnqYH1i9mH1Nqxo0caxLRRFXF5yZWYmpCDoDTMdQM1Y4z3Q5yj08qyrPH/d4AtumA==
  dependencies:
    "@babel/runtime" "^7.10.1"
    classnames "2.x"
    rc-select "~14.14.0"
    rc-tree "~5.8.1"
    rc-util "^5.16.1"

rc-tree@~5.8.1, rc-tree@~5.8.8:
  version "5.8.8"
  resolved "https://registry.yarnpkg.com/rc-tree/-/rc-tree-5.8.8.tgz#650a13ec825a5a4feec6bbaf6a380465986ee0db"
  integrity sha512-S+mCMWo91m5AJqjz3PdzKilGgbFm7fFJRFiTDOcoRbD7UfMOPnerXwMworiga0O2XIo383UoWuEfeHs1WOltag==
  dependencies:
    "@babel/runtime" "^7.10.1"
    classnames "2.x"
    rc-motion "^2.0.1"
    rc-util "^5.16.1"
    rc-virtual-list "^3.5.1"

rc-upload@~4.5.2:
  version "4.5.2"
  resolved "https://registry.yarnpkg.com/rc-upload/-/rc-upload-4.5.2.tgz#ea493fbaaf57d9369ee954b20e1d8bc35c818a1a"
  integrity sha512-QO3ne77DwnAPKFn0bA5qJM81QBjQi0e0NHdkvpFyY73Bea2NfITiotqJqVjHgeYPOJu5lLVR32TNGP084aSoXA==
  dependencies:
    "@babel/runtime" "^7.18.3"
    classnames "^2.2.5"
    rc-util "^5.2.0"

rc-util@^5.0.1, rc-util@^5.16.1, rc-util@^5.17.0, rc-util@^5.18.1, rc-util@^5.2.0, rc-util@^5.20.1, rc-util@^5.21.0, rc-util@^5.24.4, rc-util@^5.25.2, rc-util@^5.27.0, rc-util@^5.30.0, rc-util@^5.31.1, rc-util@^5.32.2, rc-util@^5.34.1, rc-util@^5.35.0, rc-util@^5.36.0, rc-util@^5.37.0, rc-util@^5.38.0, rc-util@^5.38.1, rc-util@^5.40.1, rc-util@^5.43.0:
  version "5.43.0"
  resolved "https://registry.yarnpkg.com/rc-util/-/rc-util-5.43.0.tgz#bba91fbef2c3e30ea2c236893746f3e9b05ecc4c"
  integrity sha512-AzC7KKOXFqAdIBqdGWepL9Xn7cm3vnAmjlHqUnoQaTMZYhM4VlXGLkkHHxj/BZ7Td0+SOPKB4RGPboBVKT9htw==
  dependencies:
    "@babel/runtime" "^7.18.3"
    react-is "^18.2.0"

rc-virtual-list@^3.14.2, rc-virtual-list@^3.5.1, rc-virtual-list@^3.5.2:
  version "3.14.3"
  resolved "https://registry.yarnpkg.com/rc-virtual-list/-/rc-virtual-list-3.14.3.tgz#f437aa9fe753b5a6159de56d8a4cb617a910ee4c"
  integrity sha512-6+6wiEhdqakNBnbRJymgMlh+90qpkgqherTRo1l1cX7mK6F9hWsazPczmP0lA+64yhC9/t+M9Dh5pjvDWimn8A==
  dependencies:
    "@babel/runtime" "^7.20.0"
    classnames "^2.2.6"
    rc-resize-observer "^1.0.0"
    rc-util "^5.36.0"

react-dom@^18:
  version "18.3.1"
  resolved "https://registry.yarnpkg.com/react-dom/-/react-dom-18.3.1.tgz#c2265d79511b57d479b3dd3fdfa51536494c5cb4"
  integrity sha512-5m4nQKp+rZRb09LNH59GM4BxTh9251/ylbKIbpe7TpGxfJ+9kv6BLkLBXIjjspbgbnIBNqlI23tRnTWT0snUIw==
  dependencies:
    loose-envify "^1.1.0"
    scheduler "^0.23.2"

react-is@^18.2.0:
  version "18.3.1"
  resolved "https://registry.yarnpkg.com/react-is/-/react-is-18.3.1.tgz#e83557dc12eae63a99e003a46388b1dcbb44db7e"
  integrity sha512-/LLMVyas0ljjAtoYiPqYiL8VWXzUUdThrmU5+n20DZv+a+ClRoevUzw5JxU+Ieh5/c87ytoTBV9G1FiKfNJdmg==

react@^18:
  version "18.3.1"
  resolved "https://registry.yarnpkg.com/react/-/react-18.3.1.tgz#49ab892009c53933625bd16b2533fc754cab2891"
  integrity sha512-wS+hAgJShR0KhEvPJArfuPVN1+Hz1t0Y6n5jLrGQbkb4urgPE/0Rve+1kMB1v/oWgHgm4WIcV+i7F2pTVj+2iQ==
  dependencies:
    loose-envify "^1.1.0"

regenerator-runtime@^0.14.0:
  version "0.14.1"
  resolved "https://registry.yarnpkg.com/regenerator-runtime/-/regenerator-runtime-0.14.1.tgz#356ade10263f685dda125100cd862c1db895327f"
  integrity sha512-dYnhHh0nJoMfnkZs6GmmhFknAGRrLznOu5nc9ML+EJxGvrx6H7teuevqVqCuPcPK//3eDrrjQhehXVx9cnkGdw==

resize-observer-polyfill@^1.5.1:
  version "1.5.1"
  resolved "https://registry.yarnpkg.com/resize-observer-polyfill/-/resize-observer-polyfill-1.5.1.tgz#0e9020dd3d21024458d4ebd27e23e40269810464"
  integrity sha512-LwZrotdHOo12nQuZlHEmtuXdqGoOD0OhaxopaNFxWzInpEgaLWoVuAMbTzixuosCx2nEG58ngzW3vxdWoxIgdg==

scheduler@^0.23.2:
  version "0.23.2"
  resolved "https://registry.yarnpkg.com/scheduler/-/scheduler-0.23.2.tgz#414ba64a3b282892e944cf2108ecc078d115cdc3"
  integrity sha512-UOShsPwz7NrMUqhR6t0hWjFduvOzbtv7toDH1/hIrfRNIDBnnBWd0CwJTGvTpngVlmwGCdP9/Zl/tVrDqcuYzQ==
  dependencies:
    loose-envify "^1.1.0"

scroll-into-view-if-needed@^3.1.0:
  version "3.1.0"
  resolved "https://registry.yarnpkg.com/scroll-into-view-if-needed/-/scroll-into-view-if-needed-3.1.0.tgz#fa9524518c799b45a2ef6bbffb92bcad0296d01f"
  integrity sha512-49oNpRjWRvnU8NyGVmUaYG4jtTkNonFZI86MmGRDqBphEK2EXT9gdEUoQPZhuBM8yWHxCWbobltqYO5M4XrUvQ==
  dependencies:
    compute-scroll-into-view "^3.0.2"

source-map-js@^1.0.2:
  version "1.2.0"
  resolved "https://registry.yarnpkg.com/source-map-js/-/source-map-js-1.2.0.tgz#16b809c162517b5b8c3e7dcd315a2a5c2612b2af"
  integrity sha512-itJW8lvSA0TXEphiRoawsCksnlf8SyvmFzIhltqAHluXd88pkCd+cXJVHTDwdCr0IzwptSm035IHQktUu1QUMg==

streamsearch@^1.1.0:
  version "1.1.0"
  resolved "https://registry.yarnpkg.com/streamsearch/-/streamsearch-1.1.0.tgz#404dd1e2247ca94af554e841a8ef0eaa238da764"
  integrity sha512-Mcc5wHehp9aXz1ax6bZUyY5afg9u2rv5cqQI3mRrYkGC8rW2hM02jWuwjtL++LS5qinSyhj2QfLyNsuc+VsExg==

string-convert@^0.2.0:
  version "0.2.1"
  resolved "https://registry.yarnpkg.com/string-convert/-/string-convert-0.2.1.tgz#6982cc3049fbb4cd85f8b24568b9d9bf39eeff97"
  integrity sha512-u/1tdPl4yQnPBjnVrmdLo9gtuLvELKsAoRapekWggdiQNvvvum+jYF329d84NAa660KQw7pB2n36KrIKVoXa3A==

styled-jsx@5.1.1:
  version "5.1.1"
  resolved "https://registry.yarnpkg.com/styled-jsx/-/styled-jsx-5.1.1.tgz#839a1c3aaacc4e735fed0781b8619ea5d0009d1f"
  integrity sha512-pW7uC1l4mBZ8ugbiZrcIsiIvVx1UmTfw7UkC3Um2tmfUq9Bhk8IiyEIPl6F8agHgjzku6j0xQEZbfA5uSgSaCw==
  dependencies:
    client-only "0.0.1"

stylis@^4.0.13:
  version "4.3.2"
  resolved "https://registry.yarnpkg.com/stylis/-/stylis-4.3.2.tgz#8f76b70777dd53eb669c6f58c997bf0a9972e444"
  integrity sha512-bhtUjWd/z6ltJiQwg0dUfxEJ+W+jdqQd8TbWLWyeIJHlnsqmGLRFFd8e5mA0AZi/zx90smXRlN66YMTcaSFifg==

throttle-debounce@^5.0.0:
  version "5.0.2"
  resolved "https://registry.yarnpkg.com/throttle-debounce/-/throttle-debounce-5.0.2.tgz#ec5549d84e053f043c9fd0f2a6dd892ff84456b1"
  integrity sha512-B71/4oyj61iNH0KeCamLuE2rmKuTO5byTOSVwECM5FA7TiAiAW+UqTKZ9ERueC4qvgSttUhdmq1mXC3kJqGX7A==

toggle-selection@^1.0.6:
  version "1.0.6"
  resolved "https://registry.yarnpkg.com/toggle-selection/-/toggle-selection-1.0.6.tgz#6e45b1263f2017fa0acc7d89d78b15b8bf77da32"
  integrity sha512-BiZS+C1OS8g/q2RRbJmy59xpyghNBqrr6k5L/uKBGRsTfxmu3ffiRnd8mlGPUVayg8pvfi5urfnu8TU7DVOkLQ==

tslib@^2.4.0:
  version "2.6.3"
  resolved "https://registry.yarnpkg.com/tslib/-/tslib-2.6.3.tgz#0438f810ad7a9edcde7a241c3d80db693c8cbfe0"
  integrity sha512-xNvxJEOUiWPGhUuUdQgAJPKOOJfGnIyKySOc09XkKsgdUV/3E2zvwZYdejjmRgPCgcym1juLH3226yA7sEFJKQ==

typescript@^5:
  version "5.5.2"
  resolved "https://registry.yarnpkg.com/typescript/-/typescript-5.5.2.tgz#c26f023cb0054e657ce04f72583ea2d85f8d0507"
  integrity sha512-NcRtPEOsPFFWjobJEtfihkLCZCXZt/os3zf8nTxjVH3RvTSxjrCamJpbExGvYOF+tFHc3pA65qpdwPbzjohhew==

undici-types@~5.26.4:
  version "5.26.5"
  resolved "https://registry.yarnpkg.com/undici-types/-/undici-types-5.26.5.tgz#bcd539893d00b56e964fd2657a4866b221a65617"
  integrity sha512-JlCMO+ehdEIKqlFxk6IfVoAUVmgz7cU7zD/h9XZ0qzeosSHmUJVOzSQvvYSYWXkFXC+IfLKSIffhv0sVZup6pA==
